PODS:
  - Alamofire (4.8.1)
  - Kingfisher (5.1.0)
  - NMapsMap (3.2.1)

DEPENDENCIES:
  - Alamofire
  - Kingfisher
  - NMapsMap (~> 3.2.0)

SPEC REPOS:
  https://github.com/cocoapods/specs.git:
    - Alamofire
    - Kingfisher
    - NMapsMap

SPEC CHECKSUMS:
  Alamofire: 16ce2c353fb72865124ddae8a57c5942388f4f11
  Kingfisher: fcec238063d17404fca89bf0a850583211c4cbf6
  NMapsMap: 432c7f5e90f5c406d52c3137f425143352d78430

PODFILE CHECKSUM: 093c88d9b589f278667afd4e653ac33e14130775

COCOAPODS: 1.5.3
